
Microsoft Visual Studio Solution File, Format Version 12.00
# Visual Studio 14
VisualStudioVersion = 14.0.25420.1
MinimumVisualStudioVersion = 10.0.40219.1
Project("{2150E333-8FDC-42A3-9474-1A3956D46DE8}") = "DAL", "DAL", "{E6E5A248-A43B-4474-9455-0079E77A88C9}"
EndProject
Project("{2150E333-8FDC-42A3-9474-1A3956D46DE8}") = "BL", "BL", "{38817FC1-F1D4-45F7-B3AD-F21871FA4B13}"
EndProject
Project("{2150E333-8FDC-42A3-9474-1A3956D46DE8}") = "DATA", "DATA", "{D967FD76-99F7-4AFE-A4A3-F4B67C8C2DFB}"
EndProject
Project("{2150E333-8FDC-42A3-9474-1A3956D46DE8}") = "UI", "UI", "{1C08BAF4-2B87-4225-B9EA-C1B61C63B8E9}"
EndProject
Global
	GlobalSection(SolutionProperties) = preSolution
		HideSolutionNode = FALSE
	EndGlobalSection
EndGlobal
